
Microsoft Visual Studio Solution File, Format Version 12.00
# Visual Studio 14
VisualStudioVersion = 14.0.23107.0
MinimumVisualStudioVersion = 10.0.40219.1
Project("{FAE04EC0-301F-11D3-BF4B-00C04F79EFBC}") = "Server", "Backend\rsplsdeathmatchService\Server.csproj", "{209FA716-A7AD-4095-BD70-C8710FC66FA7}"
EndProject
Project("{FAE04EC0-301F-11D3-BF4B-00C04F79EFBC}") = "iOS", "Client\iOS\FFCG.RSPLSDeathMatch.iOS\iOS.csproj", "{70CB0C67-CF6C-4070-BE69-8828F2388D56}"
EndProject
Project("{2150E333-8FDC-42A3-9474-1A3956D46DE8}") = "Backend", "Backend", "{196D588E-C9BB-4605-964C-3DEAA1BCBB1B}"
EndProject
Project("{2150E333-8FDC-42A3-9474-1A3956D46DE8}") = "Client", "Client", "{26459E92-0638-4747-8ED8-2035EA831BAA}"
EndProject
Project("{FAE04EC0-301F-11D3-BF4B-00C04F79EFBC}") = "Domain", "Backend\Domain.Domain\Domain.csproj", "{4527BE83-650F-4C21-BF8A-34A93210E5BD}"
EndProject
Project("{FAE04EC0-301F-11D3-BF4B-00C04F79EFBC}") = "Domain.Tests", "Backend\Domain.Tests\Domain.Tests.csproj", "{2238807E-C7B1-4522-8770-655279ED6D13}"
EndProject
Project("{FAE04EC0-301F-11D3-BF4B-00C04F79EFBC}") = "ApiModel", "Backend\Domain.ApiModel\ApiModel.csproj", "{DFC3E92A-C811-4734-8B19-F50B5605118B}"
EndProject
Project("{FAE04EC0-301F-11D3-BF4B-00C04F79EFBC}") = "App.Shared", "Client\Shared\FFCG.RSPLS.DeathMatch.Client.App.Shared\App.Shared.csproj", "{98C334CB-01E9-48E9-AF87-B80778625E7E}"
EndProject
Global
	GlobalSection(SolutionConfigurationPlatforms) = preSolution
		Ad-Hoc|Any CPU = Ad-Hoc|Any CPU
		Ad-Hoc|iPhone = Ad-Hoc|iPhone
		Ad-Hoc|iPhoneSimulator = Ad-Hoc|iPhoneSimulator
		AppStore|Any CPU = AppStore|Any CPU
		AppStore|iPhone = AppStore|iPhone
		AppStore|iPhoneSimulator = AppStore|iPhoneSimulator
		Debug|Any CPU = Debug|Any CPU
		Debug|iPhone = Debug|iPhone
		Debug|iPhoneSimulator = Debug|iPhoneSimulator
		Release|Any CPU = Release|Any CPU
		Release|iPhone = Release|iPhone
		Release|iPhoneSimulator = Release|iPhoneSimulator
	EndGlobalSection
	GlobalSection(ProjectConfigurationPlatforms) = postSolution
		{209FA716-A7AD-4095-BD70-C8710FC66FA7}.Ad-Hoc|Any CPU.ActiveCfg = Release|Any CPU
		{209FA716-A7AD-4095-BD70-C8710FC66FA7}.Ad-Hoc|Any CPU.Build.0 = Release|Any CPU
		{209FA716-A7AD-4095-BD70-C8710FC66FA7}.Ad-Hoc|iPhone.ActiveCfg = Release|Any CPU
		{209FA716-A7AD-4095-BD70-C8710FC66FA7}.Ad-Hoc|iPhone.Build.0 = Release|Any CPU
		{209FA716-A7AD-4095-BD70-C8710FC66FA7}.Ad-Hoc|iPhoneSimulator.ActiveCfg = Release|Any CPU
		{209FA716-A7AD-4095-BD70-C8710FC66FA7}.Ad-Hoc|iPhoneSimulator.Build.0 = Release|Any CPU
		{209FA716-A7AD-4095-BD70-C8710FC66FA7}.AppStore|Any CPU.ActiveCfg = Release|Any CPU
		{209FA716-A7AD-4095-BD70-C8710FC66FA7}.AppStore|Any CPU.Build.0 = Release|Any CPU
		{209FA716-A7AD-4095-BD70-C8710FC66FA7}.AppStore|iPhone.ActiveCfg = Release|Any CPU
		{209FA716-A7AD-4095-BD70-C8710FC66FA7}.AppStore|iPhone.Build.0 = Release|Any CPU
		{209FA716-A7AD-4095-BD70-C8710FC66FA7}.AppStore|iPhoneSimulator.ActiveCfg = Release|Any CPU
		{209FA716-A7AD-4095-BD70-C8710FC66FA7}.AppStore|iPhoneSimulator.Build.0 = Release|Any CPU
		{209FA716-A7AD-4095-BD70-C8710FC66FA7}.Debug|Any CPU.ActiveCfg = Debug|Any CPU
		{209FA716-A7AD-4095-BD70-C8710FC66FA7}.Debug|Any CPU.Build.0 = Debug|Any CPU
		{209FA716-A7AD-4095-BD70-C8710FC66FA7}.Debug|iPhone.ActiveCfg = Debug|Any CPU
		{209FA716-A7AD-4095-BD70-C8710FC66FA7}.Debug|iPhone.Build.0 = Debug|Any CPU
		{209FA716-A7AD-4095-BD70-C8710FC66FA7}.Debug|iPhoneSimulator.ActiveCfg = Debug|Any CPU
		{209FA716-A7AD-4095-BD70-C8710FC66FA7}.Debug|iPhoneSimulator.Build.0 = Debug|Any CPU
		{209FA716-A7AD-4095-BD70-C8710FC66FA7}.Release|Any CPU.ActiveCfg = Release|Any CPU
		{209FA716-A7AD-4095-BD70-C8710FC66FA7}.Release|Any CPU.Build.0 = Release|Any CPU
		{209FA716-A7AD-4095-BD70-C8710FC66FA7}.Release|iPhone.ActiveCfg = Release|Any CPU
		{209FA716-A7AD-4095-BD70-C8710FC66FA7}.Release|iPhone.Build.0 = Release|Any CPU
		{209FA716-A7AD-4095-BD70-C8710FC66FA7}.Release|iPhoneSimulator.ActiveCfg = Release|Any CPU
		{209FA716-A7AD-4095-BD70-C8710FC66FA7}.Release|iPhoneSimulator.Build.0 = Release|Any CPU
		{70CB0C67-CF6C-4070-BE69-8828F2388D56}.Ad-Hoc|Any CPU.ActiveCfg = Ad-Hoc|iPhone
		{70CB0C67-CF6C-4070-BE69-8828F2388D56}.Ad-Hoc|iPhone.ActiveCfg = Ad-Hoc|iPhone
		{70CB0C67-CF6C-4070-BE69-8828F2388D56}.Ad-Hoc|iPhone.Build.0 = Ad-Hoc|iPhone
		{70CB0C67-CF6C-4070-BE69-8828F2388D56}.Ad-Hoc|iPhoneSimulator.ActiveCfg = Ad-Hoc|iPhoneSimulator
		{70CB0C67-CF6C-4070-BE69-8828F2388D56}.Ad-Hoc|iPhoneSimulator.Build.0 = Ad-Hoc|iPhoneSimulator
		{70CB0C67-CF6C-4070-BE69-8828F2388D56}.AppStore|Any CPU.ActiveCfg = AppStore|iPhone
		{70CB0C67-CF6C-4070-BE69-8828F2388D56}.AppStore|iPhone.ActiveCfg = AppStore|iPhone
		{70CB0C67-CF6C-4070-BE69-8828F2388D56}.AppStore|iPhone.Build.0 = AppStore|iPhone
		{70CB0C67-CF6C-4070-BE69-8828F2388D56}.AppStore|iPhoneSimulator.ActiveCfg = AppStore|iPhoneSimulator
		{70CB0C67-CF6C-4070-BE69-8828F2388D56}.AppStore|iPhoneSimulator.Build.0 = AppStore|iPhoneSimulator
		{70CB0C67-CF6C-4070-BE69-8828F2388D56}.Debug|Any CPU.ActiveCfg = Debug|iPhone
		{70CB0C67-CF6C-4070-BE69-8828F2388D56}.Debug|iPhone.ActiveCfg = Debug|iPhone
		{70CB0C67-CF6C-4070-BE69-8828F2388D56}.Debug|iPhone.Build.0 = Debug|iPhone
		{70CB0C67-CF6C-4070-BE69-8828F2388D56}.Debug|iPhoneSimulator.ActiveCfg = Debug|iPhoneSimulator
		{70CB0C67-CF6C-4070-BE69-8828F2388D56}.Debug|iPhoneSimulator.Build.0 = Debug|iPhoneSimulator
		{70CB0C67-CF6C-4070-BE69-8828F2388D56}.Release|Any CPU.ActiveCfg = Release|iPhone
		{70CB0C67-CF6C-4070-BE69-8828F2388D56}.Release|iPhone.ActiveCfg = Release|iPhone
		{70CB0C67-CF6C-4070-BE69-8828F2388D56}.Release|iPhone.Build.0 = Release|iPhone
		{70CB0C67-CF6C-4070-BE69-8828F2388D56}.Release|iPhoneSimulator.ActiveCfg = Release|iPhoneSimulator
		{70CB0C67-CF6C-4070-BE69-8828F2388D56}.Release|iPhoneSimulator.Build.0 = Release|iPhoneSimulator
		{4527BE83-650F-4C21-BF8A-34A93210E5BD}.Ad-Hoc|Any CPU.ActiveCfg = Release|Any CPU
		{4527BE83-650F-4C21-BF8A-34A93210E5BD}.Ad-Hoc|Any CPU.Build.0 = Release|Any CPU
		{4527BE83-650F-4C21-BF8A-34A93210E5BD}.Ad-Hoc|iPhone.ActiveCfg = Release|Any CPU
		{4527BE83-650F-4C21-BF8A-34A93210E5BD}.Ad-Hoc|iPhone.Build.0 = Release|Any CPU
		{4527BE83-650F-4C21-BF8A-34A93210E5BD}.Ad-Hoc|iPhoneSimulator.ActiveCfg = Release|Any CPU
		{4527BE83-650F-4C21-BF8A-34A93210E5BD}.Ad-Hoc|iPhoneSimulator.Build.0 = Release|Any CPU
		{4527BE83-650F-4C21-BF8A-34A93210E5BD}.AppStore|Any CPU.ActiveCfg = Release|Any CPU
		{4527BE83-650F-4C21-BF8A-34A93210E5BD}.AppStore|Any CPU.Build.0 = Release|Any CPU
		{4527BE83-650F-4C21-BF8A-34A93210E5BD}.AppStore|iPhone.ActiveCfg = Release|Any CPU
		{4527BE83-650F-4C21-BF8A-34A93210E5BD}.AppStore|iPhone.Build.0 = Release|Any CPU
		{4527BE83-650F-4C21-BF8A-34A93210E5BD}.AppStore|iPhoneSimulator.ActiveCfg = Release|Any CPU
		{4527BE83-650F-4C21-BF8A-34A93210E5BD}.AppStore|iPhoneSimulator.Build.0 = Release|Any CPU
		{4527BE83-650F-4C21-BF8A-34A93210E5BD}.Debug|Any CPU.ActiveCfg = Debug|Any CPU
		{4527BE83-650F-4C21-BF8A-34A93210E5BD}.Debug|Any CPU.Build.0 = Debug|Any CPU
		{4527BE83-650F-4C21-BF8A-34A93210E5BD}.Debug|iPhone.ActiveCfg = Debug|Any CPU
		{4527BE83-650F-4C21-BF8A-34A93210E5BD}.Debug|iPhone.Build.0 = Debug|Any CPU
		{4527BE83-650F-4C21-BF8A-34A93210E5BD}.Debug|iPhoneSimulator.ActiveCfg = Debug|Any CPU
		{4527BE83-650F-4C21-BF8A-34A93210E5BD}.Debug|iPhoneSimulator.Build.0 = Debug|Any CPU
		{4527BE83-650F-4C21-BF8A-34A93210E5BD}.Release|Any CPU.ActiveCfg = Release|Any CPU
		{4527BE83-650F-4C21-BF8A-34A93210E5BD}.Release|Any CPU.Build.0 = Release|Any CPU
		{4527BE83-650F-4C21-BF8A-34A93210E5BD}.Release|iPhone.ActiveCfg = Release|Any CPU
		{4527BE83-650F-4C21-BF8A-34A93210E5BD}.Release|iPhone.Build.0 = Release|Any CPU
		{4527BE83-650F-4C21-BF8A-34A93210E5BD}.Release|iPhoneSimulator.ActiveCfg = Release|Any CPU
		{4527BE83-650F-4C21-BF8A-34A93210E5BD}.Release|iPhoneSimulator.Build.0 = Release|Any CPU
		{2238807E-C7B1-4522-8770-655279ED6D13}.Ad-Hoc|Any CPU.ActiveCfg = Release|Any CPU
		{2238807E-C7B1-4522-8770-655279ED6D13}.Ad-Hoc|Any CPU.Build.0 = Release|Any CPU
		{2238807E-C7B1-4522-8770-655279ED6D13}.Ad-Hoc|iPhone.ActiveCfg = Release|Any CPU
		{2238807E-C7B1-4522-8770-655279ED6D13}.Ad-Hoc|iPhone.Build.0 = Release|Any CPU
		{2238807E-C7B1-4522-8770-655279ED6D13}.Ad-Hoc|iPhoneSimulator.ActiveCfg = Release|Any CPU
		{2238807E-C7B1-4522-8770-655279ED6D13}.Ad-Hoc|iPhoneSimulator.Build.0 = Release|Any CPU
		{2238807E-C7B1-4522-8770-655279ED6D13}.AppStore|Any CPU.ActiveCfg = Release|Any CPU
		{2238807E-C7B1-4522-8770-655279ED6D13}.AppStore|Any CPU.Build.0 = Release|Any CPU
		{2238807E-C7B1-4522-8770-655279ED6D13}.AppStore|iPhone.ActiveCfg = Release|Any CPU
		{2238807E-C7B1-4522-8770-655279ED6D13}.AppStore|iPhone.Build.0 = Release|Any CPU
		{2238807E-C7B1-4522-8770-655279ED6D13}.AppStore|iPhoneSimulator.ActiveCfg = Release|Any CPU
		{2238807E-C7B1-4522-8770-655279ED6D13}.AppStore|iPhoneSimulator.Build.0 = Release|Any CPU
		{2238807E-C7B1-4522-8770-655279ED6D13}.Debug|Any CPU.ActiveCfg = Debug|Any CPU
		{2238807E-C7B1-4522-8770-655279ED6D13}.Debug|Any CPU.Build.0 = Debug|Any CPU
		{2238807E-C7B1-4522-8770-655279ED6D13}.Debug|iPhone.ActiveCfg = Debug|Any CPU
		{2238807E-C7B1-4522-8770-655279ED6D13}.Debug|iPhone.Build.0 = Debug|Any CPU
		{2238807E-C7B1-4522-8770-655279ED6D13}.Debug|iPhoneSimulator.ActiveCfg = Debug|Any CPU
		{2238807E-C7B1-4522-8770-655279ED6D13}.Debug|iPhoneSimulator.Build.0 = Debug|Any CPU
		{2238807E-C7B1-4522-8770-655279ED6D13}.Release|Any CPU.ActiveCfg = Release|Any CPU
		{2238807E-C7B1-4522-8770-655279ED6D13}.Release|Any CPU.Build.0 = Release|Any CPU
		{2238807E-C7B1-4522-8770-655279ED6D13}.Release|iPhone.ActiveCfg = Release|Any CPU
		{2238807E-C7B1-4522-8770-655279ED6D13}.Release|iPhone.Build.0 = Release|Any CPU
		{2238807E-C7B1-4522-8770-655279ED6D13}.Release|iPhoneSimulator.ActiveCfg = Release|Any CPU
		{2238807E-C7B1-4522-8770-655279ED6D13}.Release|iPhoneSimulator.Build.0 = Release|Any CPU
		{DFC3E92A-C811-4734-8B19-F50B5605118B}.Ad-Hoc|Any CPU.ActiveCfg = Release|Any CPU
		{DFC3E92A-C811-4734-8B19-F50B5605118B}.Ad-Hoc|Any CPU.Build.0 = Release|Any CPU
		{DFC3E92A-C811-4734-8B19-F50B5605118B}.Ad-Hoc|iPhone.ActiveCfg = Release|Any CPU
		{DFC3E92A-C811-4734-8B19-F50B5605118B}.Ad-Hoc|iPhone.Build.0 = Release|Any CPU
		{DFC3E92A-C811-4734-8B19-F50B5605118B}.Ad-Hoc|iPhoneSimulator.ActiveCfg = Release|Any CPU
		{DFC3E92A-C811-4734-8B19-F50B5605118B}.Ad-Hoc|iPhoneSimulator.Build.0 = Release|Any CPU
		{DFC3E92A-C811-4734-8B19-F50B5605118B}.AppStore|Any CPU.ActiveCfg = Release|Any CPU
		{DFC3E92A-C811-4734-8B19-F50B5605118B}.AppStore|Any CPU.Build.0 = Release|Any CPU
		{DFC3E92A-C811-4734-8B19-F50B5605118B}.AppStore|iPhone.ActiveCfg = Release|Any CPU
		{DFC3E92A-C811-4734-8B19-F50B5605118B}.AppStore|iPhone.Build.0 = Release|Any CPU
		{DFC3E92A-C811-4734-8B19-F50B5605118B}.AppStore|iPhoneSimulator.ActiveCfg = Release|Any CPU
		{DFC3E92A-C811-4734-8B19-F50B5605118B}.AppStore|iPhoneSimulator.Build.0 = Release|Any CPU
		{DFC3E92A-C811-4734-8B19-F50B5605118B}.Debug|Any CPU.ActiveCfg = Debug|Any CPU
		{DFC3E92A-C811-4734-8B19-F50B5605118B}.Debug|Any CPU.Build.0 = Debug|Any CPU
		{DFC3E92A-C811-4734-8B19-F50B5605118B}.Debug|iPhone.ActiveCfg = Debug|Any CPU
		{DFC3E92A-C811-4734-8B19-F50B5605118B}.Debug|iPhone.Build.0 = Debug|Any CPU
		{DFC3E92A-C811-4734-8B19-F50B5605118B}.Debug|iPhoneSimulator.ActiveCfg = Debug|Any CPU
		{DFC3E92A-C811-4734-8B19-F50B5605118B}.Debug|iPhoneSimulator.Build.0 = Debug|Any CPU
		{DFC3E92A-C811-4734-8B19-F50B5605118B}.Release|Any CPU.ActiveCfg = Release|Any CPU
		{DFC3E92A-C811-4734-8B19-F50B5605118B}.Release|Any CPU.Build.0 = Release|Any CPU
		{DFC3E92A-C811-4734-8B19-F50B5605118B}.Release|iPhone.ActiveCfg = Release|Any CPU
		{DFC3E92A-C811-4734-8B19-F50B5605118B}.Release|iPhone.Build.0 = Release|Any CPU
		{DFC3E92A-C811-4734-8B19-F50B5605118B}.Release|iPhoneSimulator.ActiveCfg = Release|Any CPU
		{DFC3E92A-C811-4734-8B19-F50B5605118B}.Release|iPhoneSimulator.Build.0 = Release|Any CPU
		{98C334CB-01E9-48E9-AF87-B80778625E7E}.Ad-Hoc|Any CPU.ActiveCfg = Release|Any CPU
		{98C334CB-01E9-48E9-AF87-B80778625E7E}.Ad-Hoc|Any CPU.Build.0 = Release|Any CPU
		{98C334CB-01E9-48E9-AF87-B80778625E7E}.Ad-Hoc|iPhone.ActiveCfg = Release|Any CPU
		{98C334CB-01E9-48E9-AF87-B80778625E7E}.Ad-Hoc|iPhone.Build.0 = Release|Any CPU
		{98C334CB-01E9-48E9-AF87-B80778625E7E}.Ad-Hoc|iPhoneSimulator.ActiveCfg = Release|Any CPU
		{98C334CB-01E9-48E9-AF87-B80778625E7E}.Ad-Hoc|iPhoneSimulator.Build.0 = Release|Any CPU
		{98C334CB-01E9-48E9-AF87-B80778625E7E}.AppStore|Any CPU.ActiveCfg = Release|Any CPU
		{98C334CB-01E9-48E9-AF87-B80778625E7E}.AppStore|Any CPU.Build.0 = Release|Any CPU
		{98C334CB-01E9-48E9-AF87-B80778625E7E}.AppStore|iPhone.ActiveCfg = Release|Any CPU
		{98C334CB-01E9-48E9-AF87-B80778625E7E}.AppStore|iPhone.Build.0 = Release|Any CPU
		{98C334CB-01E9-48E9-AF87-B80778625E7E}.AppStore|iPhoneSimulator.ActiveCfg = Release|Any CPU
		{98C334CB-01E9-48E9-AF87-B80778625E7E}.AppStore|iPhoneSimulator.Build.0 = Release|Any CPU
		{98C334CB-01E9-48E9-AF87-B80778625E7E}.Debug|Any CPU.ActiveCfg = Debug|Any CPU
		{98C334CB-01E9-48E9-AF87-B80778625E7E}.Debug|Any CPU.Build.0 = Debug|Any CPU
		{98C334CB-01E9-48E9-AF87-B80778625E7E}.Debug|iPhone.ActiveCfg = Debug|Any CPU
		{98C334CB-01E9-48E9-AF87-B80778625E7E}.Debug|iPhone.Build.0 = Debug|Any CPU
		{98C334CB-01E9-48E9-AF87-B80778625E7E}.Debug|iPhoneSimulator.ActiveCfg = Debug|Any CPU
		{98C334CB-01E9-48E9-AF87-B80778625E7E}.Debug|iPhoneSimulator.Build.0 = Debug|Any CPU
		{98C334CB-01E9-48E9-AF87-B80778625E7E}.Release|Any CPU.ActiveCfg = Release|Any CPU
		{98C334CB-01E9-48E9-AF87-B80778625E7E}.Release|Any CPU.Build.0 = Release|Any CPU
		{98C334CB-01E9-48E9-AF87-B80778625E7E}.Release|iPhone.ActiveCfg = Release|Any CPU
		{98C334CB-01E9-48E9-AF87-B80778625E7E}.Release|iPhone.Build.0 = Release|Any CPU
		{98C334CB-01E9-48E9-AF87-B80778625E7E}.Release|iPhoneSimulator.ActiveCfg = Release|Any CPU
		{98C334CB-01E9-48E9-AF87-B80778625E7E}.Release|iPhoneSimulator.Build.0 = Release|Any CPU
	EndGlobalSection
	GlobalSection(SolutionProperties) = preSolution
		HideSolutionNode = FALSE
	EndGlobalSection
	GlobalSection(NestedProjects) = preSolution
		{209FA716-A7AD-4095-BD70-C8710FC66FA7} = {196D588E-C9BB-4605-964C-3DEAA1BCBB1B}
		{70CB0C67-CF6C-4070-BE69-8828F2388D56} = {26459E92-0638-4747-8ED8-2035EA831BAA}
		{4527BE83-650F-4C21-BF8A-34A93210E5BD} = {196D588E-C9BB-4605-964C-3DEAA1BCBB1B}
		{2238807E-C7B1-4522-8770-655279ED6D13} = {196D588E-C9BB-4605-964C-3DEAA1BCBB1B}
		{DFC3E92A-C811-4734-8B19-F50B5605118B} = {196D588E-C9BB-4605-964C-3DEAA1BCBB1B}
	EndGlobalSection
EndGlobal
